// !$*UTF8*$!
{
	archiveVersion = 1;
	classes = {
	};
	objectVersion = 46;
	objects = {

/* Begin PBXBuildFile section */
		2A3DF5781F452BF600CF23D6 /* main.m in Sources */ = {isa = PBXBuildFile; fileRef = 2A3DF5771F452BF600CF23D6 /* main.m */; };
		2A3DF57B1F452BF600CF23D6 /* AppDelegate.m in Sources */ = {isa = PBXBuildFile; fileRef = 2A3DF57A1F452BF600CF23D6 /* AppDelegate.m */; };
		2A3DF57E1F452BF600CF23D6 /* ViewController.m in Sources */ = {isa = PBXBuildFile; fileRef = 2A3DF57D1F452BF600CF23D6 /* ViewController.m */; };
		2A3DF5811F452BF600CF23D6 /* Main.storyboard in Resources */ = {isa = PBXBuildFile; fileRef = 2A3DF57F1F452BF600CF23D6 /* Main.storyboard */; };
		2A3DF5831F452BF600CF23D6 /* Assets.xcassets in Resources */ = {isa = PBXBuildFile; fileRef = 2A3DF5821F452BF600CF23D6 /* Assets.xcassets */; };
		2A3DF5861F452BF600CF23D6 /* LaunchScreen.storyboard in Resources */ = {isa = PBXBuildFile; fileRef = 2A3DF5841F452BF600CF23D6 /* LaunchScreen.storyboard */; };
		2A3DF58F1F452C1B00CF23D6 /* Person.m in Sources */ = {isa = PBXBuildFile; fileRef = 2A3DF58E1F452C1B00CF23D6 /* Person.m */; };
		2A3DF5921F4532E000CF23D6 /* Pet.m in Sources */ = {isa = PBXBuildFile; fileRef = 2A3DF5911F4532E000CF23D6 /* Pet.m */; };
		2A3DF5951F453CCC00CF23D6 /* w4d4-demo.xcdatamodeld in Sources */ = {isa = PBXBuildFile; fileRef = 2A3DF5931F453CCC00CF23D6 /* w4d4-demo.xcdatamodeld */; };
		2AAE2D1A1F9FA45100B1D6CB /* Student+CoreDataClass.m in Sources */ = {isa = PBXBuildFile; fileRef = 2AAE2D121F9FA45000B1D6CB /* Student+CoreDataClass.m */; };
		2AAE2D1B1F9FA45100B1D6CB /* School+CoreDataClass.m in Sources */ = {isa = PBXBuildFile; fileRef = 2AAE2D151F9FA45000B1D6CB /* School+CoreDataClass.m */; };
		2AAE2D1C1F9FA45100B1D6CB /* Student+CoreDataProperties.m in Sources */ = {isa = PBXBuildFile; fileRef = 2AAE2D181F9FA45000B1D6CB /* Student+CoreDataProperties.m */; };
		2AAE2D1D1F9FA45100B1D6CB /* School+CoreDataProperties.m in Sources */ = {isa = PBXBuildFile; fileRef = 2AAE2D191F9FA45100B1D6CB /* School+CoreDataProperties.m */; };
/* End PBXBuildFile section */

/* Begin PBXFileReference section */
		2A3DF5731F452BF600CF23D6 /* w4d4-demo.app */ = {isa = PBXFileReference; explicitFileType = wrapper.application; includeInIndex = 0; path = "w4d4-demo.app"; sourceTree = BUILT_PRODUCTS_DIR; };
		2A3DF5771F452BF600CF23D6 /* main.m */ = {isa = PBXFileReference; lastKnownFileType = sourcecode.c.objc; path = main.m; sourceTree = "<group>"; };
		2A3DF5791F452BF600CF23D6 /* AppDelegate.h */ = {isa = PBXFileReference; lastKnownFileType = sourcecode.c.h; path = AppDelegate.h; sourceTree = "<group>"; };
		2A3DF57A1F452BF600CF23D6 /* AppDelegate.m */ = {isa = PBXFileReference; lastKnownFileType = sourcecode.c.objc; path = AppDelegate.m; sourceTree = "<group>"; };
		2A3DF57C1F452BF600CF23D6 /* ViewController.h */ = {isa = PBXFileReference; lastKnownFileType = sourcecode.c.h; path = ViewController.h; sourceTree = "<group>"; };
		2A3DF57D1F452BF600CF23D6 /* ViewController.m */ = {isa = PBXFileReference; lastKnownFileType = sourcecode.c.objc; path = ViewController.m; sourceTree = "<group>"; };
		2A3DF5801F452BF600CF23D6 /* Base */ = {isa = PBXFileReference; lastKnownFileType = file.storyboard; name = Base; path = Base.lproj/Main.storyboard; sourceTree = "<group>"; };
		2A3DF5821F452BF600CF23D6 /* Assets.xcassets */ = {isa = PBXFileReference; lastKnownFileType = folder.assetcatalog; path = Assets.xcassets; sourceTree = "<group>"; };
		2A3DF5851F452BF600CF23D6 /* Base */ = {isa = PBXFileReference; lastKnownFileType = file.storyboard; name = Base; path = Base.lproj/LaunchScreen.storyboard; sourceTree = "<group>"; };
		2A3DF5871F452BF600CF23D6 /* Info.plist */ = {isa = PBXFileReference; lastKnownFileType = text.plist.xml; path = Info.plist; sourceTree = "<group>"; };
		2A3DF58D1F452C1B00CF23D6 /* Person.h */ = {isa = PBXFileReference; fileEncoding = 4; lastKnownFileType = sourcecode.c.h; path = Person.h; sourceTree = "<group>"; };
		2A3DF58E1F452C1B00CF23D6 /* Person.m */ = {isa = PBXFileReference; fileEncoding = 4; lastKnownFileType = sourcecode.c.objc; path = Person.m; sourceTree = "<group>"; };
		2A3DF5901F4532E000CF23D6 /* Pet.h */ = {isa = PBXFileReference; fileEncoding = 4; lastKnownFileType = sourcecode.c.h; path = Pet.h; sourceTree = "<group>"; };
		2A3DF5911F4532E000CF23D6 /* Pet.m */ = {isa = PBXFileReference; fileEncoding = 4; lastKnownFileType = sourcecode.c.objc; path = Pet.m; sourceTree = "<group>"; };
		2A3DF5941F453CCC00CF23D6 /* w4d4.xcdatamodel */ = {isa = PBXFileReference; lastKnownFileType = wrapper.xcdatamodel; path = w4d4.xcdatamodel; sourceTree = "<group>"; };
		2AAE2D121F9FA45000B1D6CB /* Student+CoreDataClass.m */ = {isa = PBXFileReference; fileEncoding = 4; lastKnownFileType = sourcecode.c.objc; name = "Student+CoreDataClass.m"; path = "w4d4-demo/Student+CoreDataClass.m"; sourceTree = "<group>"; };
		2AAE2D131F9FA45000B1D6CB /* School+CoreDataProperties.h */ = {isa = PBXFileReference; fileEncoding = 4; lastKnownFileType = sourcecode.c.h; name = "School+CoreDataProperties.h"; path = "w4d4-demo/School+CoreDataProperties.h"; sourceTree = "<group>"; };
		2AAE2D141F9FA45000B1D6CB /* Student+CoreDataProperties.h */ = {isa = PBXFileReference; fileEncoding = 4; lastKnownFileType = sourcecode.c.h; name = "Student+CoreDataProperties.h"; path = "w4d4-demo/Student+CoreDataProperties.h"; sourceTree = "<group>"; };
		2AAE2D151F9FA45000B1D6CB /* School+CoreDataClass.m */ = {isa = PBXFileReference; fileEncoding = 4; lastKnownFileType = sourcecode.c.objc; name = "School+CoreDataClass.m"; path = "w4d4-demo/School+CoreDataClass.m"; sourceTree = "<group>"; };
		2AAE2D161F9FA45000B1D6CB /* Student+CoreDataClass.h */ = {isa = PBXFileReference; fileEncoding = 4; lastKnownFileType = sourcecode.c.h; name = "Student+CoreDataClass.h"; path = "w4d4-demo/Student+CoreDataClass.h"; sourceTree = "<group>"; };
		2AAE2D171F9FA45000B1D6CB /* School+CoreDataClass.h */ = {isa = PBXFileReference; fileEncoding = 4; lastKnownFileType = sourcecode.c.h; name = "School+CoreDataClass.h"; path = "w4d4-demo/School+CoreDataClass.h"; sourceTree = "<group>"; };
		2AAE2D181F9FA45000B1D6CB /* Student+CoreDataProperties.m */ = {isa = PBXFileReference; fileEncoding = 4; lastKnownFileType = sourcecode.c.objc; name = "Student+CoreDataProperties.m"; path = "w4d4-demo/Student+CoreDataProperties.m"; sourceTree = "<group>"; };
		2AAE2D191F9FA45100B1D6CB /* School+CoreDataProperties.m */ = {isa = PBXFileReference; fileEncoding = 4; lastKnownFileType = sourcecode.c.objc; name = "School+CoreDataProperties.m"; path = "w4d4-demo/School+CoreDataProperties.m"; sourceTree = "<group>"; };
/* End PBXFileReference section */

/* Begin PBXFrameworksBuildPhase section */
		2A3DF5701F452BF600CF23D6 /* Frameworks */ = {
			isa = PBXFrameworksBuildPhase;
			buildActionMask = 2147483647;
			files = (
			);
			runOnlyForDeploymentPostprocessing = 0;
		};
/* End PBXFrameworksBuildPhase section */

/* Begin PBXGroup section */
		2A3DF56A1F452BF600CF23D6 = {
			isa = PBXGroup;
			children = (
				2AAE2D171F9FA45000B1D6CB /* School+CoreDataClass.h */,
				2AAE2D151F9FA45000B1D6CB /* School+CoreDataClass.m */,
				2AAE2D131F9FA45000B1D6CB /* School+CoreDataProperties.h */,
				2AAE2D191F9FA45100B1D6CB /* School+CoreDataProperties.m */,
				2AAE2D161F9FA45000B1D6CB /* Student+CoreDataClass.h */,
				2AAE2D121F9FA45000B1D6CB /* Student+CoreDataClass.m */,
				2AAE2D141F9FA45000B1D6CB /* Student+CoreDataProperties.h */,
				2AAE2D181F9FA45000B1D6CB /* Student+CoreDataProperties.m */,
				2A3DF5751F452BF600CF23D6 /* w4d4-demo */,
				2A3DF5741F452BF600CF23D6 /* Products */,
			);
			sourceTree = "<group>";
		};
		2A3DF5741F452BF600CF23D6 /* Products */ = {
			isa = PBXGroup;
			children = (
				2A3DF5731F452BF600CF23D6 /* w4d4-demo.app */,
			);
			name = Products;
			sourceTree = "<group>";
		};
		2A3DF5751F452BF600CF23D6 /* w4d4-demo */ = {
			isa = PBXGroup;
			children = (
				2A3DF5791F452BF600CF23D6 /* AppDelegate.h */,
				2A3DF57A1F452BF600CF23D6 /* AppDelegate.m */,
				2A3DF57C1F452BF600CF23D6 /* ViewController.h */,
				2A3DF57D1F452BF600CF23D6 /* ViewController.m */,
				2A3DF58D1F452C1B00CF23D6 /* Person.h */,
				2A3DF58E1F452C1B00CF23D6 /* Person.m */,
				2A3DF5901F4532E000CF23D6 /* Pet.h */,
				2A3DF5911F4532E000CF23D6 /* Pet.m */,
				2A3DF57F1F452BF600CF23D6 /* Main.storyboard */,
				2A3DF5821F452BF600CF23D6 /* Assets.xcassets */,
				2A3DF5841F452BF600CF23D6 /* LaunchScreen.storyboard */,
				2A3DF5871F452BF600CF23D6 /* Info.plist */,
				2A3DF5931F453CCC00CF23D6 /* w4d4-demo.xcdatamodeld */,
				2A3DF5761F452BF600CF23D6 /* Supporting Files */,
			);
			path = "w4d4-demo";
			sourceTree = "<group>";
		};
		2A3DF5761F452BF600CF23D6 /* Supporting Files */ = {
			isa = PBXGroup;
			children = (
				2A3DF5771F452BF600CF23D6 /* main.m */,
			);
			name = "Supporting Files";
			sourceTree = "<group>";
		};
/* End PBXGroup section */

/* Begin PBXNativeTarget section */
		2A3DF5721F452BF600CF23D6 /* w4d4-demo */ = {
			isa = PBXNativeTarget;
			buildConfigurationList = 2A3DF58A1F452BF600CF23D6 /* Build configuration list for PBXNativeTarget "w4d4-demo" */;
			buildPhases = (
				2A3DF56F1F452BF600CF23D6 /* Sources */,
				2A3DF5701F452BF600CF23D6 /* Frameworks */,
				2A3DF5711F452BF600CF23D6 /* Resources */,
			);
			buildRules = (
			);
			dependencies = (
			);
			name = "w4d4-demo";
			productName = W4D4;
			productReference = 2A3DF5731F452BF600CF23D6 /* w4d4-demo.app */;
			productType = "com.apple.product-type.application";
		};
/* End PBXNativeTarget section */

/* Begin PBXProject section */
		2A3DF56B1F452BF600CF23D6 /* Project object */ = {
			isa = PBXProject;
			attributes = {
				LastUpgradeCheck = 0900;
				ORGANIZATIONNAME = "MoozX Internet Ventures";
				TargetAttributes = {
					2A3DF5721F452BF600CF23D6 = {
						CreatedOnToolsVersion = 8.3.3;
						DevelopmentTeam = Q9N5PH89AB;
						ProvisioningStyle = Automatic;
					};
				};
			};
			buildConfigurationList = 2A3DF56E1F452BF600CF23D6 /* Build configuration list for PBXProject "w4d4-demo" */;
			compatibilityVersion = "Xcode 3.2";
			developmentRegion = English;
			hasScannedForEncodings = 0;
			knownRegions = (
				en,
				Base,
			);
			mainGroup = 2A3DF56A1F452BF600CF23D6;
			productRefGroup = 2A3DF5741F452BF600CF23D6 /* Products */;
			projectDirPath = "";
			projectRoot = "";
			targets = (
				2A3DF5721F452BF600CF23D6 /* w4d4-demo */,
			);
		};
/* End PBXProject section */

/* Begin PBXResourcesBuildPhase section */
		2A3DF5711F452BF600CF23D6 /* Resources */ = {
			isa = PBXResourcesBuildPhase;
			buildActionMask = 2147483647;
			files = (
				2A3DF5861F452BF600CF23D6 /* LaunchScreen.storyboard in Resources */,
				2A3DF5831F452BF600CF23D6 /* Assets.xcassets in Resources */,
				2A3DF5811F452BF600CF23D6 /* Main.storyboard in Resources */,
			);
			runOnlyForDeploymentPostprocessing = 0;
		};
/* End PBXResourcesBuildPhase section */

/* Begin PBXSourcesBuildPhase section */
		2A3DF56F1F452BF600CF23D6 /* Sources */ = {
			isa = PBXSourcesBuildPhase;
			buildActionMask = 2147483647;
			files = (
				2AAE2D1A1F9FA45100B1D6CB /* Student+CoreDataClass.m in Sources */,
				2A3DF57E1F452BF600CF23D6 /* ViewController.m in Sources */,
				2A3DF57B1F452BF600CF23D6 /* AppDelegate.m in Sources */,
				2A3DF58F1F452C1B00CF23D6 /* Person.m in Sources */,
				2AAE2D1C1F9FA45100B1D6CB /* Student+CoreDataProperties.m in Sources */,
				2A3DF5781F452BF600CF23D6 /* main.m in Sources */,
				2AAE2D1B1F9FA45100B1D6CB /* School+CoreDataClass.m in Sources */,
				2AAE2D1D1F9FA45100B1D6CB /* School+CoreDataProperties.m in Sources */,
				2A3DF5951F453CCC00CF23D6 /* w4d4-demo.xcdatamodeld in Sources */,
				2A3DF5921F4532E000CF23D6 /* Pet.m in Sources */,
			);
			runOnlyForDeploymentPostprocessing = 0;
		};
/* End PBXSourcesBuildPhase section */

/* Begin PBXVariantGroup section */
		2A3DF57F1F452BF600CF23D6 /* Main.storyboard */ = {
			isa = PBXVariantGroup;
			children = (
				2A3DF5801F452BF600CF23D6 /* Base */,
			);
			name = Main.storyboard;
			sourceTree = "<group>";
		};
		2A3DF5841F452BF600CF23D6 /* LaunchScreen.storyboard */ = {
			isa = PBXVariantGroup;
			children = (
				2A3DF5851F452BF600CF23D6 /* Base */,
			);
			name = LaunchScreen.storyboard;
			sourceTree = "<group>";
		};
/* End PBXVariantGroup section */

/* Begin XCBuildConfiguration section */
		2A3DF5881F452BF600CF23D6 /* Debug */ = {
			isa = XCBuildConfiguration;
			buildSettings = {
				ALWAYS_SEARCH_USER_PATHS = NO;
				CLANG_ANALYZER_NONNULL = YES;
				CLANG_ANALYZER_NUMBER_OBJECT_CONVERSION = YES_AGGRESSIVE;
				CLANG_CXX_LANGUAGE_STANDARD = "gnu++0x";
				CLANG_CXX_LIBRARY = "libc++";
				CLANG_ENABLE_MODULES = YES;
				CLANG_ENABLE_OBJC_ARC = YES;
				CLANG_WARN_BLOCK_CAPTURE_AUTORELEASING = YES;
				CLANG_WARN_BOOL_CONVERSION = YES;
				CLANG_WARN_COMMA = YES;
				CLANG_WARN_CONSTANT_CONVERSION = YES;
				CLANG_WARN_DIRECT_OBJC_ISA_USAGE = YES_ERROR;
				CLANG_WARN_DOCUMENTATION_COMMENTS = YES;
				CLANG_WARN_EMPTY_BODY = YES;
				CLANG_WARN_ENUM_CONVERSION = YES;
				CLANG_WARN_INFINITE_RECURSION = YES;
				CLANG_WARN_INT_CONVERSION = YES;
				CLANG_WARN_NON_LITERAL_NULL_CONVERSION = YES;
				CLANG_WARN_OBJC_LITERAL_CONVERSION = YES;
				CLANG_WARN_OBJC_ROOT_CLASS = YES_ERROR;
				CLANG_WARN_RANGE_LOOP_ANALYSIS = YES;
				CLANG_WARN_STRICT_PROTOTYPES = YES;
				CLANG_WARN_SUSPICIOUS_MOVE = YES;
				CLANG_WARN_UNREACHABLE_CODE = YES;
				CLANG_WARN__DUPLICATE_METHOD_MATCH = YES;
				"CODE_SIGN_IDENTITY[sdk=iphoneos*]" = "iPhone Developer";
				COPY_PHASE_STRIP = NO;
				DEBUG_INFORMATION_FORMAT = dwarf;
				ENABLE_STRICT_OBJC_MSGSEND = YES;
				ENABLE_TESTABILITY = YES;
				GCC_C_LANGUAGE_STANDARD = gnu99;
				GCC_DYNAMIC_NO_PIC = NO;
				GCC_NO_COMMON_BLOCKS = YES;
				GCC_OPTIMIZATION_LEVEL = 0;
				GCC_PREPROCESSOR_DEFINITIONS = (
					"DEBUG=1",
					"$(inherited)",
				);
				GCC_WARN_64_TO_32_BIT_CONVERSION = YES;
				GCC_WARN_ABOUT_RETURN_TYPE = YES_ERROR;
				GCC_WARN_UNDECLARED_SELECTOR = YES;
				GCC_WARN_UNINITIALIZED_AUTOS = YES_AGGRESSIVE;
				GCC_WARN_UNUSED_FUNCTION = YES;
				GCC_WARN_UNUSED_VARIABLE = YES;
				IPHONEOS_DEPLOYMENT_TARGET = 10.3;
				MTL_ENABLE_DEBUG_INFO = YES;
				ONLY_ACTIVE_ARCH = YES;
				SDKROOT = iphoneos;
				TARGETED_DEVICE_FAMILY = "1,2";
			};
			name = Debug;
		};
		2A3DF5891F452BF600CF23D6 /* Release */ = {
			isa = XCBuildConfiguration;
			buildSettings = {
				ALWAYS_SEARCH_USER_PATHS = NO;
				CLANG_ANALYZER_NONNULL = YES;
				CLANG_ANALYZER_NUMBER_OBJECT_CONVERSION = YES_AGGRESSIVE;
				CLANG_CXX_LANGUAGE_STANDARD = "gnu++0x";
				CLANG_CXX_LIBRARY = "libc++";
				CLANG_ENABLE_MODULES = YES;
				CLANG_ENABLE_OBJC_ARC = YES;
				CLANG_WARN_BLOCK_CAPTURE_AUTORELEASING = YES;
				CLANG_WARN_BOOL_CONVERSION = YES;
				CLANG_WARN_COMMA = YES;
				CLANG_WARN_CONSTANT_CONVERSION = YES;
				CLANG_WARN_DIRECT_OBJC_ISA_USAGE = YES_ERROR;
				CLANG_WARN_DOCUMENTATION_COMMENTS = YES;
				CLANG_WARN_EMPTY_BODY = YES;
				CLANG_WARN_ENUM_CONVERSION = YES;
				CLANG_WARN_INFINITE_RECURSION = YES;
				CLANG_WARN_INT_CONVERSION = YES;
				CLANG_WARN_NON_LITERAL_NULL_CONVERSION = YES;
				CLANG_WARN_OBJC_LITERAL_CONVERSION = YES;
				CLANG_WARN_OBJC_ROOT_CLASS = YES_ERROR;
				CLANG_WARN_RANGE_LOOP_ANALYSIS = YES;
				CLANG_WARN_STRICT_PROTOTYPES = YES;
				CLANG_WARN_SUSPICIOUS_MOVE = YES;
				CLANG_WARN_UNREACHABLE_CODE = YES;
				CLANG_WARN__DUPLICATE_METHOD_MATCH = YES;
				"CODE_SIGN_IDENTITY[sdk=iphoneos*]" = "iPhone Developer";
				COPY_PHASE_STRIP = NO;
				DEBUG_INFORMATION_FORMAT = "dwarf-with-dsym";
				ENABLE_NS_ASSERTIONS = NO;
				ENABLE_STRICT_OBJC_MSGSEND = YES;
				GCC_C_LANGUAGE_STANDARD = gnu99;
				GCC_NO_COMMON_BLOCKS = YES;
				GCC_WARN_64_TO_32_BIT_CONVERSION = YES;
				GCC_WARN_ABOUT_RETURN_TYPE = YES_ERROR;
				GCC_WARN_UNDECLARED_SELECTOR = YES;
				GCC_WARN_UNINITIALIZED_AUTOS = YES_AGGRESSIVE;
				GCC_WARN_UNUSED_FUNCTION = YES;
				GCC_WARN_UNUSED_VARIABLE = YES;
				IPHONEOS_DEPLOYMENT_TARGET = 10.3;
				MTL_ENABLE_DEBUG_INFO = NO;
				SDKROOT = iphoneos;
				TARGETED_DEVICE_FAMILY = "1,2";
				VALIDATE_PRODUCT = YES;
			};
			name = Release;
		};
		2A3DF58B1F452BF600CF23D6 /* Debug */ = {
			isa = XCBuildConfiguration;
			buildSettings = {
				ASSETCATALOG_COMPILER_APPICON_NAME = AppIcon;
				DEVELOPMENT_TEAM = Q9N5PH89AB;
				INFOPLIST_FILE = "w4d4-demo/Info.plist";
				LD_RUNPATH_SEARCH_PATHS = "$(inherited) @executable_path/Frameworks";
				PRODUCT_BUNDLE_IDENTIFIER = "com.moozx.w4d4-demo";
				PRODUCT_NAME = "$(TARGET_NAME)";
			};
			name = Debug;
		};
		2A3DF58C1F452BF600CF23D6 /* Release */ = {
			isa = XCBuildConfiguration;
			buildSettings = {
				ASSETCATALOG_COMPILER_APPICON_NAME = AppIcon;
				DEVELOPMENT_TEAM = Q9N5PH89AB;
				INFOPLIST_FILE = "w4d4-demo/Info.plist";
				LD_RUNPATH_SEARCH_PATHS = "$(inherited) @executable_path/Frameworks";
				PRODUCT_BUNDLE_IDENTIFIER = "com.moozx.w4d4-demo";
				PRODUCT_NAME = "$(TARGET_NAME)";
			};
			name = Release;
		};
/* End XCBuildConfiguration section */

/* Begin XCConfigurationList section */
		2A3DF56E1F452BF600CF23D6 /* Build configuration list for PBXProject "w4d4-demo" */ = {
			isa = XCConfigurationList;
			buildConfigurations = (
				2A3DF5881F452BF600CF23D6 /* Debug */,
				2A3DF5891F452BF600CF23D6 /* Release */,
			);
			defaultConfigurationIsVisible = 0;
			defaultConfigurationName = Release;
		};
		2A3DF58A1F452BF600CF23D6 /* Build configuration list for PBXNativeTarget "w4d4-demo" */ = {
			isa = XCConfigurationList;
			buildConfigurations = (
				2A3DF58B1F452BF600CF23D6 /* Debug */,
				2A3DF58C1F452BF600CF23D6 /* Release */,
			);
			defaultConfigurationIsVisible = 0;
			defaultConfigurationName = Release;
		};
/* End XCConfigurationList section */

/* Begin XCVersionGroup section */
		2A3DF5931F453CCC00CF23D6 /* w4d4-demo.xcdatamodeld */ = {
			isa = XCVersionGroup;
			children = (
				2A3DF5941F453CCC00CF23D6 /* w4d4.xcdatamodel */,
			);
			currentVersion = 2A3DF5941F453CCC00CF23D6 /* w4d4.xcdatamodel */;
			path = "w4d4-demo.xcdatamodeld";
			sourceTree = "<group>";
			versionGroupType = wrapper.xcdatamodel;
		};
/* End XCVersionGroup section */
	};
	rootObject = 2A3DF56B1F452BF600CF23D6 /* Project object */;
}
